
Microsoft Visual Studio Solution File, Format Version 12.00
# Visual Studio Version 17
VisualStudioVersion = 17.1.32319.34
MinimumVisualStudioVersion = 10.0.40219.1
Project("{9A19103F-16F7-4668-BE54-9A1E7A4F7556}") = "FactoryPattern", "FactoryPattern\FactoryPattern.csproj", "{A97A2A61-3F02-45D8-B247-83676F4269CF}"
EndProject
Project("{9A19103F-16F7-4668-BE54-9A1E7A4F7556}") = "AbstractFactoryPattern", "AbstractFactoryPattern\AbstractFactoryPattern.csproj", "{BF94B9F9-2FED-40D4-9E9B-225BB5BA3B34}"
EndProject
Project("{FAE04EC0-301F-11D3-BF4B-00C04F79EFBC}") = "PrototypePattern", "PrototypePattern\PrototypePattern.csproj", "{5051F9E9-A906-4604-9004-57E720645B5F}"
EndProject
Project("{9A19103F-16F7-4668-BE54-9A1E7A4F7556}") = "BuilderPattern", "BuilderPattern\BuilderPattern.csproj", "{FE080361-9447-4D9D-83F1-0B836F963037}"
EndProject
Global
	GlobalSection(SolutionConfigurationPlatforms) = preSolution
		Debug|Any CPU = Debug|Any CPU
		Release|Any CPU = Release|Any CPU
	EndGlobalSection
	GlobalSection(ProjectConfigurationPlatforms) = postSolution
		{A97A2A61-3F02-45D8-B247-83676F4269CF}.Debug|Any CPU.ActiveCfg = Debug|Any CPU
		{A97A2A61-3F02-45D8-B247-83676F4269CF}.Debug|Any CPU.Build.0 = Debug|Any CPU
		{A97A2A61-3F02-45D8-B247-83676F4269CF}.Release|Any CPU.ActiveCfg = Release|Any CPU
		{A97A2A61-3F02-45D8-B247-83676F4269CF}.Release|Any CPU.Build.0 = Release|Any CPU
		{BF94B9F9-2FED-40D4-9E9B-225BB5BA3B34}.Debug|Any CPU.ActiveCfg = Debug|Any CPU
		{BF94B9F9-2FED-40D4-9E9B-225BB5BA3B34}.Debug|Any CPU.Build.0 = Debug|Any CPU
		{BF94B9F9-2FED-40D4-9E9B-225BB5BA3B34}.Release|Any CPU.ActiveCfg = Release|Any CPU
		{BF94B9F9-2FED-40D4-9E9B-225BB5BA3B34}.Release|Any CPU.Build.0 = Release|Any CPU
		{5051F9E9-A906-4604-9004-57E720645B5F}.Debug|Any CPU.ActiveCfg = Debug|Any CPU
		{5051F9E9-A906-4604-9004-57E720645B5F}.Debug|Any CPU.Build.0 = Debug|Any CPU
		{5051F9E9-A906-4604-9004-57E720645B5F}.Release|Any CPU.ActiveCfg = Release|Any CPU
		{5051F9E9-A906-4604-9004-57E720645B5F}.Release|Any CPU.Build.0 = Release|Any CPU
		{FE080361-9447-4D9D-83F1-0B836F963037}.Debug|Any CPU.ActiveCfg = Debug|Any CPU
		{FE080361-9447-4D9D-83F1-0B836F963037}.Debug|Any CPU.Build.0 = Debug|Any CPU
		{FE080361-9447-4D9D-83F1-0B836F963037}.Release|Any CPU.ActiveCfg = Release|Any CPU
		{FE080361-9447-4D9D-83F1-0B836F963037}.Release|Any CPU.Build.0 = Release|Any CPU
	EndGlobalSection
	GlobalSection(SolutionProperties) = preSolution
		HideSolutionNode = FALSE
	EndGlobalSection
	GlobalSection(ExtensibilityGlobals) = postSolution
		SolutionGuid = {54053971-35AE-41DE-8AD8-EE3C55BEEA80}
	EndGlobalSection
EndGlobal
