
Microsoft Visual Studio Solution File, Format Version 12.00
# Visual Studio Version 17
VisualStudioVersion = 17.1.32319.34
MinimumVisualStudioVersion = 10.0.40219.1
Project("{9A19103F-16F7-4668-BE54-9A1E7A4F7556}") = "FactoryPattern", "FactoryPattern\FactoryPattern.csproj", "{A97A2A61-3F02-45D8-B247-83676F4269CF}"
EndProject
Project("{9A19103F-16F7-4668-BE54-9A1E7A4F7556}") = "AbstractFactoryPattern", "AbstractFactoryPattern\AbstractFactoryPattern.csproj", "{BF94B9F9-2FED-40D4-9E9B-225BB5BA3B34}"
EndProject
Project("{9A19103F-16F7-4668-BE54-9A1E7A4F7556}") = "PrototypePattern", "PrototypePattern\PrototypePattern.csproj", "{5051F9E9-A906-4604-9004-57E720645B5F}"
EndProject
Project("{9A19103F-16F7-4668-BE54-9A1E7A4F7556}") = "BuilderPattern", "BuilderPattern\BuilderPattern.csproj", "{FE080361-9447-4D9D-83F1-0B836F963037}"
EndProject
Project("{9A19103F-16F7-4668-BE54-9A1E7A4F7556}") = "DecoratorPattern", "DecoratorPattern\DecoratorPattern.csproj", "{4473FFC0-0116-4EDB-8E82-14A704AA5B63}"
EndProject
Project("{FAE04EC0-301F-11D3-BF4B-00C04F79EFBC}") = "DecoratorDesignPattern", "DecoratorDesignPattern\DecoratorDesignPattern.csproj", "{4E400B1B-73F6-4B1F-A98B-83DC1D8A821B}"
EndProject
Project("{9A19103F-16F7-4668-BE54-9A1E7A4F7556}") = "FacadePattern", "FacadePattern\FacadePattern.csproj", "{21522586-B625-4079-92BC-9A8EB40BFFE8}"
EndProject
Project("{9A19103F-16F7-4668-BE54-9A1E7A4F7556}") = "FlyweightPattern", "FlyweightPattern\FlyweightPattern.csproj", "{DD980C0C-F494-439D-915A-79A94BA4BAE5}"
EndProject
Project("{FAE04EC0-301F-11D3-BF4B-00C04F79EFBC}") = "ChainOfResponsability", "ChainOfResponsability\ChainOfResponsability.csproj", "{0AB25A87-A6D9-40D8-9FEA-ADDD432B7397}"
EndProject
Project("{FAE04EC0-301F-11D3-BF4B-00C04F79EFBC}") = "Iterator", "Iterator\Iterator.csproj", "{282DF8DA-DC89-491D-B5D8-AB6A70491EE4}"
EndProject
Project("{FAE04EC0-301F-11D3-BF4B-00C04F79EFBC}") = "ObserverPattern", "ObserverPattern\ObserverPattern.csproj", "{84A2B360-FD5A-40E9-A233-B3B7A1BF47EA}"
EndProject
Project("{9A19103F-16F7-4668-BE54-9A1E7A4F7556}") = "AdapterPattern", "AdapterPattern\AdapterPattern.csproj", "{10853DB5-3620-4AAA-A2F2-8F6047612946}"
EndProject
Project("{9A19103F-16F7-4668-BE54-9A1E7A4F7556}") = "BridgePattern", "BridgePattern\BridgePattern.csproj", "{B100E265-E2DD-4A9A-96F3-9B45CAB636DD}"
EndProject
Project("{FAE04EC0-301F-11D3-BF4B-00C04F79EFBC}") = "VisitorPattern", "VisitorPattern\VisitorPattern.csproj", "{EDA6AB81-15E7-4413-8047-35A233726F68}"
EndProject
Project("{FAE04EC0-301F-11D3-BF4B-00C04F79EFBC}") = "InterpreterPattern", "InterpreterPattern\InterpreterPattern.csproj", "{D4B55C19-FD0C-4FFA-A9C0-56474E47C2B6}"
EndProject
Project("{FAE04EC0-301F-11D3-BF4B-00C04F79EFBC}") = "StrategyPattern", "StrategyPattern\StrategyPattern.csproj", "{5F96A41B-407E-4EDA-BE4F-DC7F051180C1}"
EndProject
Project("{FAE04EC0-301F-11D3-BF4B-00C04F79EFBC}") = "TemplatePattern", "TemplatePattern\TemplatePattern.csproj", "{48E64105-F32C-43BB-9ADA-F72F084DC069}"
EndProject
Global
	GlobalSection(SolutionConfigurationPlatforms) = preSolution
		Debug|Any CPU = Debug|Any CPU
		Release|Any CPU = Release|Any CPU
	EndGlobalSection
	GlobalSection(ProjectConfigurationPlatforms) = postSolution
		{A97A2A61-3F02-45D8-B247-83676F4269CF}.Debug|Any CPU.ActiveCfg = Debug|Any CPU
		{A97A2A61-3F02-45D8-B247-83676F4269CF}.Debug|Any CPU.Build.0 = Debug|Any CPU
		{A97A2A61-3F02-45D8-B247-83676F4269CF}.Release|Any CPU.ActiveCfg = Release|Any CPU
		{A97A2A61-3F02-45D8-B247-83676F4269CF}.Release|Any CPU.Build.0 = Release|Any CPU
		{BF94B9F9-2FED-40D4-9E9B-225BB5BA3B34}.Debug|Any CPU.ActiveCfg = Debug|Any CPU
		{BF94B9F9-2FED-40D4-9E9B-225BB5BA3B34}.Debug|Any CPU.Build.0 = Debug|Any CPU
		{BF94B9F9-2FED-40D4-9E9B-225BB5BA3B34}.Release|Any CPU.ActiveCfg = Release|Any CPU
		{BF94B9F9-2FED-40D4-9E9B-225BB5BA3B34}.Release|Any CPU.Build.0 = Release|Any CPU
		{5051F9E9-A906-4604-9004-57E720645B5F}.Debug|Any CPU.ActiveCfg = Debug|Any CPU
		{5051F9E9-A906-4604-9004-57E720645B5F}.Debug|Any CPU.Build.0 = Debug|Any CPU
		{5051F9E9-A906-4604-9004-57E720645B5F}.Release|Any CPU.ActiveCfg = Release|Any CPU
		{5051F9E9-A906-4604-9004-57E720645B5F}.Release|Any CPU.Build.0 = Release|Any CPU
		{FE080361-9447-4D9D-83F1-0B836F963037}.Debug|Any CPU.ActiveCfg = Debug|Any CPU
		{FE080361-9447-4D9D-83F1-0B836F963037}.Debug|Any CPU.Build.0 = Debug|Any CPU
		{FE080361-9447-4D9D-83F1-0B836F963037}.Release|Any CPU.ActiveCfg = Release|Any CPU
		{FE080361-9447-4D9D-83F1-0B836F963037}.Release|Any CPU.Build.0 = Release|Any CPU
		{4473FFC0-0116-4EDB-8E82-14A704AA5B63}.Debug|Any CPU.ActiveCfg = Debug|Any CPU
		{4473FFC0-0116-4EDB-8E82-14A704AA5B63}.Debug|Any CPU.Build.0 = Debug|Any CPU
		{4473FFC0-0116-4EDB-8E82-14A704AA5B63}.Release|Any CPU.ActiveCfg = Release|Any CPU
		{4473FFC0-0116-4EDB-8E82-14A704AA5B63}.Release|Any CPU.Build.0 = Release|Any CPU
		{4E400B1B-73F6-4B1F-A98B-83DC1D8A821B}.Debug|Any CPU.ActiveCfg = Debug|Any CPU
		{4E400B1B-73F6-4B1F-A98B-83DC1D8A821B}.Debug|Any CPU.Build.0 = Debug|Any CPU
		{4E400B1B-73F6-4B1F-A98B-83DC1D8A821B}.Release|Any CPU.ActiveCfg = Release|Any CPU
		{4E400B1B-73F6-4B1F-A98B-83DC1D8A821B}.Release|Any CPU.Build.0 = Release|Any CPU
		{21522586-B625-4079-92BC-9A8EB40BFFE8}.Debug|Any CPU.ActiveCfg = Debug|Any CPU
		{21522586-B625-4079-92BC-9A8EB40BFFE8}.Debug|Any CPU.Build.0 = Debug|Any CPU
		{21522586-B625-4079-92BC-9A8EB40BFFE8}.Release|Any CPU.ActiveCfg = Release|Any CPU
		{21522586-B625-4079-92BC-9A8EB40BFFE8}.Release|Any CPU.Build.0 = Release|Any CPU
		{DD980C0C-F494-439D-915A-79A94BA4BAE5}.Debug|Any CPU.ActiveCfg = Debug|Any CPU
		{DD980C0C-F494-439D-915A-79A94BA4BAE5}.Debug|Any CPU.Build.0 = Debug|Any CPU
		{DD980C0C-F494-439D-915A-79A94BA4BAE5}.Release|Any CPU.ActiveCfg = Release|Any CPU
		{DD980C0C-F494-439D-915A-79A94BA4BAE5}.Release|Any CPU.Build.0 = Release|Any CPU
		{0AB25A87-A6D9-40D8-9FEA-ADDD432B7397}.Debug|Any CPU.ActiveCfg = Debug|Any CPU
		{0AB25A87-A6D9-40D8-9FEA-ADDD432B7397}.Debug|Any CPU.Build.0 = Debug|Any CPU
		{0AB25A87-A6D9-40D8-9FEA-ADDD432B7397}.Release|Any CPU.ActiveCfg = Release|Any CPU
		{0AB25A87-A6D9-40D8-9FEA-ADDD432B7397}.Release|Any CPU.Build.0 = Release|Any CPU
		{282DF8DA-DC89-491D-B5D8-AB6A70491EE4}.Debug|Any CPU.ActiveCfg = Debug|Any CPU
		{282DF8DA-DC89-491D-B5D8-AB6A70491EE4}.Debug|Any CPU.Build.0 = Debug|Any CPU
		{282DF8DA-DC89-491D-B5D8-AB6A70491EE4}.Release|Any CPU.ActiveCfg = Release|Any CPU
		{282DF8DA-DC89-491D-B5D8-AB6A70491EE4}.Release|Any CPU.Build.0 = Release|Any CPU
		{84A2B360-FD5A-40E9-A233-B3B7A1BF47EA}.Debug|Any CPU.ActiveCfg = Debug|Any CPU
		{84A2B360-FD5A-40E9-A233-B3B7A1BF47EA}.Debug|Any CPU.Build.0 = Debug|Any CPU
		{84A2B360-FD5A-40E9-A233-B3B7A1BF47EA}.Release|Any CPU.ActiveCfg = Release|Any CPU
		{84A2B360-FD5A-40E9-A233-B3B7A1BF47EA}.Release|Any CPU.Build.0 = Release|Any CPU
		{10853DB5-3620-4AAA-A2F2-8F6047612946}.Debug|Any CPU.ActiveCfg = Debug|Any CPU
		{10853DB5-3620-4AAA-A2F2-8F6047612946}.Debug|Any CPU.Build.0 = Debug|Any CPU
		{10853DB5-3620-4AAA-A2F2-8F6047612946}.Release|Any CPU.ActiveCfg = Release|Any CPU
		{10853DB5-3620-4AAA-A2F2-8F6047612946}.Release|Any CPU.Build.0 = Release|Any CPU
		{B100E265-E2DD-4A9A-96F3-9B45CAB636DD}.Debug|Any CPU.ActiveCfg = Debug|Any CPU
		{B100E265-E2DD-4A9A-96F3-9B45CAB636DD}.Debug|Any CPU.Build.0 = Debug|Any CPU
		{B100E265-E2DD-4A9A-96F3-9B45CAB636DD}.Release|Any CPU.ActiveCfg = Release|Any CPU
		{B100E265-E2DD-4A9A-96F3-9B45CAB636DD}.Release|Any CPU.Build.0 = Release|Any CPU
		{EDA6AB81-15E7-4413-8047-35A233726F68}.Debug|Any CPU.ActiveCfg = Debug|Any CPU
		{EDA6AB81-15E7-4413-8047-35A233726F68}.Debug|Any CPU.Build.0 = Debug|Any CPU
		{EDA6AB81-15E7-4413-8047-35A233726F68}.Release|Any CPU.ActiveCfg = Release|Any CPU
		{EDA6AB81-15E7-4413-8047-35A233726F68}.Release|Any CPU.Build.0 = Release|Any CPU
		{D4B55C19-FD0C-4FFA-A9C0-56474E47C2B6}.Debug|Any CPU.ActiveCfg = Debug|Any CPU
		{D4B55C19-FD0C-4FFA-A9C0-56474E47C2B6}.Debug|Any CPU.Build.0 = Debug|Any CPU
		{D4B55C19-FD0C-4FFA-A9C0-56474E47C2B6}.Release|Any CPU.ActiveCfg = Release|Any CPU
		{D4B55C19-FD0C-4FFA-A9C0-56474E47C2B6}.Release|Any CPU.Build.0 = Release|Any CPU
		{5F96A41B-407E-4EDA-BE4F-DC7F051180C1}.Debug|Any CPU.ActiveCfg = Debug|Any CPU
		{5F96A41B-407E-4EDA-BE4F-DC7F051180C1}.Debug|Any CPU.Build.0 = Debug|Any CPU
		{5F96A41B-407E-4EDA-BE4F-DC7F051180C1}.Release|Any CPU.ActiveCfg = Release|Any CPU
		{5F96A41B-407E-4EDA-BE4F-DC7F051180C1}.Release|Any CPU.Build.0 = Release|Any CPU
		{48E64105-F32C-43BB-9ADA-F72F084DC069}.Debug|Any CPU.ActiveCfg = Debug|Any CPU
		{48E64105-F32C-43BB-9ADA-F72F084DC069}.Debug|Any CPU.Build.0 = Debug|Any CPU
		{48E64105-F32C-43BB-9ADA-F72F084DC069}.Release|Any CPU.ActiveCfg = Release|Any CPU
		{48E64105-F32C-43BB-9ADA-F72F084DC069}.Release|Any CPU.Build.0 = Release|Any CPU
	EndGlobalSection
	GlobalSection(SolutionProperties) = preSolution
		HideSolutionNode = FALSE
	EndGlobalSection
	GlobalSection(ExtensibilityGlobals) = postSolution
		SolutionGuid = {54053971-35AE-41DE-8AD8-EE3C55BEEA80}
	EndGlobalSection
EndGlobal
